{
  "requires": true,
  "lockfileVersion": 1,
  "dependencies": {
    "dotenv": {
      "version": "8.2.0",
      "resolved": "https://registry.npmjs.org/dotenv/-/dotenv-8.2.0.tgz",
      "integrity": "sha512-8sJ78ElpbDJBHNeBzUbUVLsqKdccaa/BXF1uPTw3GrvQTBgrQrtObr2mUrE38vzYd8cEv+m/JBfDLioYcfXoaw==",
      "dev": true
    },
    "dotenv-defaults": {
      "version": "2.0.0",
      "resolved": "https://registry.npmjs.org/dotenv-defaults/-/dotenv-defaults-2.0.0.tgz",
      "integrity": "sha512-8X8gQoM+BH0L/v+GwgpeNwrthbG2uTDVr3vkbedQPLrIalZE0vxB9LbuD+7echbiP7fAY3tE+pZI11R1DtlUNg==",
      "dev": true,
      "requires": {
        "dotenv": "^8.2.0"
      }
    },
    "dotenv-webpack": {
      "version": "2.0.0",
      "resolved": "https://registry.npmjs.org/dotenv-webpack/-/dotenv-webpack-2.0.0.tgz",
      "integrity": "sha512-Omo5IpVl7XRgWXeZjxdfqOBEApJPxGLMOIx3F/w/W7ppUKgYMOXrk4eczlQrErPD4X0YRESlyGJek3O4uobRnw==",
      "dev": true,
      "requires": {
        "dotenv-defaults": "^2.0.0"
      }
    },
    "lodash": {
      "version": "4.17.19",
      "resolved": "https://registry.npmjs.org/lodash/-/lodash-4.17.19.tgz",
      "integrity": "sha512-JNvd8XER9GQX0v2qJgsaN/mzFCNA5BRe/j8JN9d+tWyGLSodKQHKFicdwNYzWwI3wjRnaKPsGj1XkBjx/F96DQ=="
    },
    "pathseg": {
      "version": "1.2.0",
      "resolved": "https://registry.npmjs.org/pathseg/-/pathseg-1.2.0.tgz",
      "integrity": "sha512-+pQS7lTaoVIXhaCW7R3Wd/165APzZHWzYVqe7dxzdupxQwebgpBaCmf0/XZwmoA/rkDq3qvzO0qv4d5oFVrBRw=="
    },
    "react-particles-js": {
      "version": "3.3.0",
      "resolved": "https://registry.npmjs.org/react-particles-js/-/react-particles-js-3.3.0.tgz",
      "integrity": "sha512-pc9oJWEHH3UR1sJurL98TPrEWr0Yf2E8j+f8PLDpgbnQirTRqfwEvTRNJ/Ibvt6233WycCrndn6ImfL0PDEr7A==",
      "requires": {
        "lodash": "^4.17.11",
        "tsparticles": "^1.17.1"
      }
    },
    "react-tsparticles": {
      "version": "1.17.3",
      "resolved": "https://registry.npmjs.org/react-tsparticles/-/react-tsparticles-1.17.3.tgz",
      "integrity": "sha512-kICd0jD5UJPL25zRltBxC6MomW7g24lb7gASy4urc0DuBmpEtymBaLLdtKGw+pQ/eha7yS/nAF95C1brPoOa5g==",
      "requires": {
        "lodash": "^4.17.19",
        "tsparticles": "^1.17.3"
      }
    },
    "tslib": {
      "version": "2.0.0",
      "resolved": "https://registry.npmjs.org/tslib/-/tslib-2.0.0.tgz",
      "integrity": "sha512-lTqkx847PI7xEDYJntxZH89L2/aXInsyF2luSafe/+0fHOMjlBNXdH6th7f70qxLDhul7KZK0zC8V5ZIyHl0/g=="
    },
    "tsparticles": {
      "version": "1.17.3",
      "resolved": "https://registry.npmjs.org/tsparticles/-/tsparticles-1.17.3.tgz",
      "integrity": "sha512-HI6uaZafH1zSodrVVQ2HoAEq8O3lgj8PGA7qN9jKFBm26slG+IXgIvi9NDguo5dY8sbc14g5DLU6RtWsUzy8hA==",
      "requires": {
        "pathseg": "^1.2.0",
        "tslib": "^2.0.0"
      }
    }
  }
}
